
Microsoft Visual Studio Solution File, Format Version 12.00
# Visual Studio Version 16
VisualStudioVersion = 16.0.29920.165
MinimumVisualStudioVersion = 10.0.40219.1
Project("{9A19103F-16F7-4668-BE54-9A1E7A4F7556}") = "ListingTest", "ListingTest\ListingTest.csproj", "{810E2E5C-2D54-469F-BEC0-59B95354F9A6}"
EndProject
Project("{9A19103F-16F7-4668-BE54-9A1E7A4F7556}") = "Listing", "listing\Listing.csproj", "{B0F50790-B0EE-4F23-BCC9-60DA2C6E395D}"
EndProject
Global
	GlobalSection(SolutionConfigurationPlatforms) = preSolution
		Debug|Any CPU = Debug|Any CPU
		Release|Any CPU = Release|Any CPU
	EndGlobalSection
	GlobalSection(ProjectConfigurationPlatforms) = postSolution
		{810E2E5C-2D54-469F-BEC0-59B95354F9A6}.Debug|Any CPU.ActiveCfg = Debug|Any CPU
		{810E2E5C-2D54-469F-BEC0-59B95354F9A6}.Debug|Any CPU.Build.0 = Debug|Any CPU
		{810E2E5C-2D54-469F-BEC0-59B95354F9A6}.Release|Any CPU.ActiveCfg = Release|Any CPU
		{810E2E5C-2D54-469F-BEC0-59B95354F9A6}.Release|Any CPU.Build.0 = Release|Any CPU
		{B0F50790-B0EE-4F23-BCC9-60DA2C6E395D}.Debug|Any CPU.ActiveCfg = Debug|Any CPU
		{B0F50790-B0EE-4F23-BCC9-60DA2C6E395D}.Debug|Any CPU.Build.0 = Debug|Any CPU
		{B0F50790-B0EE-4F23-BCC9-60DA2C6E395D}.Release|Any CPU.ActiveCfg = Release|Any CPU
		{B0F50790-B0EE-4F23-BCC9-60DA2C6E395D}.Release|Any CPU.Build.0 = Release|Any CPU
	EndGlobalSection
	GlobalSection(SolutionProperties) = preSolution
		HideSolutionNode = FALSE
	EndGlobalSection
	GlobalSection(ExtensibilityGlobals) = postSolution
		SolutionGuid = {5793251D-05E6-4453-A148-84F0BB6468B5}
	EndGlobalSection
EndGlobal
